
Microsoft Visual Studio Solution File, Format Version 12.00
# Visual Studio Version 17
VisualStudioVersion = 17.7.34221.43
MinimumVisualStudioVersion = 10.0.40219.1
Project("{FAE04EC0-301F-11D3-BF4B-00C04F79EFBC}") = "kalkulačka", "kalkulačka\kalkulačka.csproj", "{0789FA9B-14FF-4453-9F27-4EE0157A0DBA}"
EndProject
Global
	GlobalSection(SolutionConfigurationPlatforms) = preSolution
		Debug|Any CPU = Debug|Any CPU
		Release|Any CPU = Release|Any CPU
	EndGlobalSection
	GlobalSection(ProjectConfigurationPlatforms) = postSolution
		{0789FA9B-14FF-4453-9F27-4EE0157A0DBA}.Debug|Any CPU.ActiveCfg = Debug|Any CPU
		{0789FA9B-14FF-4453-9F27-4EE0157A0DBA}.Debug|Any CPU.Build.0 = Debug|Any CPU
		{0789FA9B-14FF-4453-9F27-4EE0157A0DBA}.Release|Any CPU.ActiveCfg = Release|Any CPU
		{0789FA9B-14FF-4453-9F27-4EE0157A0DBA}.Release|Any CPU.Build.0 = Release|Any CPU
	EndGlobalSection
	GlobalSection(SolutionProperties) = preSolution
		HideSolutionNode = FALSE
	EndGlobalSection
	GlobalSection(ExtensibilityGlobals) = postSolution
		SolutionGuid = {1BD2D0D9-6540-405A-85E3-40FAAF4FD148}
	EndGlobalSection
EndGlobal
